
Microsoft Visual Studio Solution File, Format Version 12.00
# Visual Studio Version 17
VisualStudioVersion = 17.9.34701.34
MinimumVisualStudioVersion = 10.0.40219.1
Project("{FAE04EC0-301F-11D3-BF4B-00C04F79EFBC}") = "SDKDownloader", "SDKDownloader\SDKDownloader.csproj", "{B91CB1E4-F12F-443A-B0B5-6F61190AAB3F}"
EndProject
Project("{FAE04EC0-301F-11D3-BF4B-00C04F79EFBC}") = "SDKDownloadLib", "SDKDownloadLib\SDKDownloadLib.csproj", "{6E8C4BA3-E13B-4FDB-94B0-EAE9E5951092}"
EndProject
Project("{FAE04EC0-301F-11D3-BF4B-00C04F79EFBC}") = "Compliance", "Compliance\Compliance.csproj", "{4700B454-9EBC-4CB6-B25E-0F607CBE0FC8}"
	ProjectSection(ProjectDependencies) = postProject
		{6E8C4BA3-E13B-4FDB-94B0-EAE9E5951092} = {6E8C4BA3-E13B-4FDB-94B0-EAE9E5951092}
		{B91CB1E4-F12F-443A-B0B5-6F61190AAB3F} = {B91CB1E4-F12F-443A-B0B5-6F61190AAB3F}
	EndProjectSection
EndProject
Project("{FAE04EC0-301F-11D3-BF4B-00C04F79EFBC}") = "Vulnerability", "Vulnerability\Vulnerability.csproj", "{4507F5C4-407E-4FC4-A5ED-EBD6F494FB0C}"
	ProjectSection(ProjectDependencies) = postProject
		{B91CB1E4-F12F-443A-B0B5-6F61190AAB3F} = {B91CB1E4-F12F-443A-B0B5-6F61190AAB3F}
	EndProjectSection
EndProject
Project("{FAE04EC0-301F-11D3-BF4B-00C04F79EFBC}") = "InlineLicense", "InlineLicense\InlineLicense.csproj", "{B05A1D3D-85D9-4F8F-B133-CBAD8B62BCE8}"
	ProjectSection(ProjectDependencies) = postProject
		{B91CB1E4-F12F-443A-B0B5-6F61190AAB3F} = {B91CB1E4-F12F-443A-B0B5-6F61190AAB3F}
	EndProjectSection
EndProject
Project("{FAE04EC0-301F-11D3-BF4B-00C04F79EFBC}") = "Patch", "Patch\Patch.csproj", "{8C9B821B-ABB4-413B-AA6A-B9021166B4DD}"
	ProjectSection(ProjectDependencies) = postProject
		{B91CB1E4-F12F-443A-B0B5-6F61190AAB3F} = {B91CB1E4-F12F-443A-B0B5-6F61190AAB3F}
	EndProjectSection
EndProject
Project("{FAE04EC0-301F-11D3-BF4B-00C04F79EFBC}") = "Vulnerability-WOS", "Vulnerability-WOS\Vulnerability-WOS.csproj", "{E67F1E5B-FD59-4A74-864D-CCE02EB2B395}"
EndProject
Project("{FAE04EC0-301F-11D3-BF4B-00C04F79EFBC}") = "Patch-WOS", "Patch-WOS\Patch-WOS.csproj", "{9D0C832C-BCC5-424C-BB7B-C0031277C4EE}"
EndProject
Global
	GlobalSection(SolutionConfigurationPlatforms) = preSolution
		Debug|Any CPU = Debug|Any CPU
		Debug|x64 = Debug|x64
		Debug|x86 = Debug|x86
		Release|Any CPU = Release|Any CPU
		Release|x64 = Release|x64
		Release|x86 = Release|x86
	EndGlobalSection
	GlobalSection(ProjectConfigurationPlatforms) = postSolution
		{B91CB1E4-F12F-443A-B0B5-6F61190AAB3F}.Debug|Any CPU.ActiveCfg = Debug|x64
		{B91CB1E4-F12F-443A-B0B5-6F61190AAB3F}.Debug|Any CPU.Build.0 = Debug|x64
		{B91CB1E4-F12F-443A-B0B5-6F61190AAB3F}.Debug|x64.ActiveCfg = Debug|x64
		{B91CB1E4-F12F-443A-B0B5-6F61190AAB3F}.Debug|x64.Build.0 = Debug|x64
		{B91CB1E4-F12F-443A-B0B5-6F61190AAB3F}.Debug|x86.ActiveCfg = Debug|x86
		{B91CB1E4-F12F-443A-B0B5-6F61190AAB3F}.Debug|x86.Build.0 = Debug|x86
		{B91CB1E4-F12F-443A-B0B5-6F61190AAB3F}.Release|Any CPU.ActiveCfg = Release|Any CPU
		{B91CB1E4-F12F-443A-B0B5-6F61190AAB3F}.Release|Any CPU.Build.0 = Release|Any CPU
		{B91CB1E4-F12F-443A-B0B5-6F61190AAB3F}.Release|x64.ActiveCfg = Release|x64
		{B91CB1E4-F12F-443A-B0B5-6F61190AAB3F}.Release|x64.Build.0 = Release|x64
		{B91CB1E4-F12F-443A-B0B5-6F61190AAB3F}.Release|x86.ActiveCfg = Release|x86
		{B91CB1E4-F12F-443A-B0B5-6F61190AAB3F}.Release|x86.Build.0 = Release|x86
		{6E8C4BA3-E13B-4FDB-94B0-EAE9E5951092}.Debug|Any CPU.ActiveCfg = Debug|x64
		{6E8C4BA3-E13B-4FDB-94B0-EAE9E5951092}.Debug|Any CPU.Build.0 = Debug|x64
		{6E8C4BA3-E13B-4FDB-94B0-EAE9E5951092}.Debug|x64.ActiveCfg = Debug|x64
		{6E8C4BA3-E13B-4FDB-94B0-EAE9E5951092}.Debug|x64.Build.0 = Debug|x64
		{6E8C4BA3-E13B-4FDB-94B0-EAE9E5951092}.Debug|x86.ActiveCfg = Debug|x86
		{6E8C4BA3-E13B-4FDB-94B0-EAE9E5951092}.Debug|x86.Build.0 = Debug|x86
		{6E8C4BA3-E13B-4FDB-94B0-EAE9E5951092}.Release|Any CPU.ActiveCfg = Release|Any CPU
		{6E8C4BA3-E13B-4FDB-94B0-EAE9E5951092}.Release|Any CPU.Build.0 = Release|Any CPU
		{6E8C4BA3-E13B-4FDB-94B0-EAE9E5951092}.Release|x64.ActiveCfg = Release|x64
		{6E8C4BA3-E13B-4FDB-94B0-EAE9E5951092}.Release|x64.Build.0 = Release|x64
		{6E8C4BA3-E13B-4FDB-94B0-EAE9E5951092}.Release|x86.ActiveCfg = Release|x86
		{6E8C4BA3-E13B-4FDB-94B0-EAE9E5951092}.Release|x86.Build.0 = Release|x86
		{4700B454-9EBC-4CB6-B25E-0F607CBE0FC8}.Debug|Any CPU.ActiveCfg = Debug|x64
		{4700B454-9EBC-4CB6-B25E-0F607CBE0FC8}.Debug|Any CPU.Build.0 = Debug|x64
		{4700B454-9EBC-4CB6-B25E-0F607CBE0FC8}.Debug|x64.ActiveCfg = Debug|x64
		{4700B454-9EBC-4CB6-B25E-0F607CBE0FC8}.Debug|x64.Build.0 = Debug|x64
		{4700B454-9EBC-4CB6-B25E-0F607CBE0FC8}.Debug|x86.ActiveCfg = Debug|x86
		{4700B454-9EBC-4CB6-B25E-0F607CBE0FC8}.Debug|x86.Build.0 = Debug|x86
		{4700B454-9EBC-4CB6-B25E-0F607CBE0FC8}.Release|Any CPU.ActiveCfg = Release|Any CPU
		{4700B454-9EBC-4CB6-B25E-0F607CBE0FC8}.Release|Any CPU.Build.0 = Release|Any CPU
		{4700B454-9EBC-4CB6-B25E-0F607CBE0FC8}.Release|x64.ActiveCfg = Release|x64
		{4700B454-9EBC-4CB6-B25E-0F607CBE0FC8}.Release|x64.Build.0 = Release|x64
		{4700B454-9EBC-4CB6-B25E-0F607CBE0FC8}.Release|x86.ActiveCfg = Release|x86
		{4700B454-9EBC-4CB6-B25E-0F607CBE0FC8}.Release|x86.Build.0 = Release|x86
		{4507F5C4-407E-4FC4-A5ED-EBD6F494FB0C}.Debug|Any CPU.ActiveCfg = Debug|x64
		{4507F5C4-407E-4FC4-A5ED-EBD6F494FB0C}.Debug|Any CPU.Build.0 = Debug|x64
		{4507F5C4-407E-4FC4-A5ED-EBD6F494FB0C}.Debug|x64.ActiveCfg = Debug|x64
		{4507F5C4-407E-4FC4-A5ED-EBD6F494FB0C}.Debug|x64.Build.0 = Debug|x64
		{4507F5C4-407E-4FC4-A5ED-EBD6F494FB0C}.Debug|x86.ActiveCfg = Debug|x86
		{4507F5C4-407E-4FC4-A5ED-EBD6F494FB0C}.Debug|x86.Build.0 = Debug|x86
		{4507F5C4-407E-4FC4-A5ED-EBD6F494FB0C}.Release|Any CPU.ActiveCfg = Release|Any CPU
		{4507F5C4-407E-4FC4-A5ED-EBD6F494FB0C}.Release|Any CPU.Build.0 = Release|Any CPU
		{4507F5C4-407E-4FC4-A5ED-EBD6F494FB0C}.Release|x64.ActiveCfg = Release|x64
		{4507F5C4-407E-4FC4-A5ED-EBD6F494FB0C}.Release|x64.Build.0 = Release|x64
		{4507F5C4-407E-4FC4-A5ED-EBD6F494FB0C}.Release|x86.ActiveCfg = Release|x86
		{4507F5C4-407E-4FC4-A5ED-EBD6F494FB0C}.Release|x86.Build.0 = Release|x86
		{B05A1D3D-85D9-4F8F-B133-CBAD8B62BCE8}.Debug|Any CPU.ActiveCfg = Debug|x64
		{B05A1D3D-85D9-4F8F-B133-CBAD8B62BCE8}.Debug|Any CPU.Build.0 = Debug|x64
		{B05A1D3D-85D9-4F8F-B133-CBAD8B62BCE8}.Debug|x64.ActiveCfg = Debug|x64
		{B05A1D3D-85D9-4F8F-B133-CBAD8B62BCE8}.Debug|x64.Build.0 = Debug|x64
		{B05A1D3D-85D9-4F8F-B133-CBAD8B62BCE8}.Debug|x86.ActiveCfg = Debug|x86
		{B05A1D3D-85D9-4F8F-B133-CBAD8B62BCE8}.Debug|x86.Build.0 = Debug|x86
		{B05A1D3D-85D9-4F8F-B133-CBAD8B62BCE8}.Release|Any CPU.ActiveCfg = Release|Any CPU
		{B05A1D3D-85D9-4F8F-B133-CBAD8B62BCE8}.Release|Any CPU.Build.0 = Release|Any CPU
		{B05A1D3D-85D9-4F8F-B133-CBAD8B62BCE8}.Release|x64.ActiveCfg = Release|x64
		{B05A1D3D-85D9-4F8F-B133-CBAD8B62BCE8}.Release|x64.Build.0 = Release|x64
		{B05A1D3D-85D9-4F8F-B133-CBAD8B62BCE8}.Release|x86.ActiveCfg = Release|x86
		{B05A1D3D-85D9-4F8F-B133-CBAD8B62BCE8}.Release|x86.Build.0 = Release|x86
		{8C9B821B-ABB4-413B-AA6A-B9021166B4DD}.Debug|Any CPU.ActiveCfg = Debug|x64
		{8C9B821B-ABB4-413B-AA6A-B9021166B4DD}.Debug|Any CPU.Build.0 = Debug|x64
		{8C9B821B-ABB4-413B-AA6A-B9021166B4DD}.Debug|x64.ActiveCfg = Debug|x64
		{8C9B821B-ABB4-413B-AA6A-B9021166B4DD}.Debug|x64.Build.0 = Debug|x64
		{8C9B821B-ABB4-413B-AA6A-B9021166B4DD}.Debug|x86.ActiveCfg = Debug|x86
		{8C9B821B-ABB4-413B-AA6A-B9021166B4DD}.Debug|x86.Build.0 = Debug|x86
		{8C9B821B-ABB4-413B-AA6A-B9021166B4DD}.Release|Any CPU.ActiveCfg = Release|Any CPU
		{8C9B821B-ABB4-413B-AA6A-B9021166B4DD}.Release|Any CPU.Build.0 = Release|Any CPU
		{8C9B821B-ABB4-413B-AA6A-B9021166B4DD}.Release|x64.ActiveCfg = Release|x64
		{8C9B821B-ABB4-413B-AA6A-B9021166B4DD}.Release|x64.Build.0 = Release|x64
		{8C9B821B-ABB4-413B-AA6A-B9021166B4DD}.Release|x86.ActiveCfg = Release|x86
		{8C9B821B-ABB4-413B-AA6A-B9021166B4DD}.Release|x86.Build.0 = Release|x86
		{E67F1E5B-FD59-4A74-864D-CCE02EB2B395}.Debug|Any CPU.ActiveCfg = Debug|x64
		{E67F1E5B-FD59-4A74-864D-CCE02EB2B395}.Debug|Any CPU.Build.0 = Debug|x64
		{E67F1E5B-FD59-4A74-864D-CCE02EB2B395}.Debug|x64.ActiveCfg = Debug|x64
		{E67F1E5B-FD59-4A74-864D-CCE02EB2B395}.Debug|x64.Build.0 = Debug|x64
		{E67F1E5B-FD59-4A74-864D-CCE02EB2B395}.Debug|x86.ActiveCfg = Debug|x86
		{E67F1E5B-FD59-4A74-864D-CCE02EB2B395}.Debug|x86.Build.0 = Debug|x86
		{E67F1E5B-FD59-4A74-864D-CCE02EB2B395}.Release|Any CPU.ActiveCfg = Release|Any CPU
		{E67F1E5B-FD59-4A74-864D-CCE02EB2B395}.Release|Any CPU.Build.0 = Release|Any CPU
		{E67F1E5B-FD59-4A74-864D-CCE02EB2B395}.Release|x64.ActiveCfg = Release|x64
		{E67F1E5B-FD59-4A74-864D-CCE02EB2B395}.Release|x64.Build.0 = Release|x64
		{E67F1E5B-FD59-4A74-864D-CCE02EB2B395}.Release|x86.ActiveCfg = Release|x86
		{E67F1E5B-FD59-4A74-864D-CCE02EB2B395}.Release|x86.Build.0 = Release|x86
		{9D0C832C-BCC5-424C-BB7B-C0031277C4EE}.Debug|Any CPU.ActiveCfg = Debug|x64
		{9D0C832C-BCC5-424C-BB7B-C0031277C4EE}.Debug|Any CPU.Build.0 = Debug|x64
		{9D0C832C-BCC5-424C-BB7B-C0031277C4EE}.Debug|x64.ActiveCfg = Debug|x64
		{9D0C832C-BCC5-424C-BB7B-C0031277C4EE}.Debug|x64.Build.0 = Debug|x64
		{9D0C832C-BCC5-424C-BB7B-C0031277C4EE}.Debug|x86.ActiveCfg = Debug|x86
		{9D0C832C-BCC5-424C-BB7B-C0031277C4EE}.Debug|x86.Build.0 = Debug|x86
		{9D0C832C-BCC5-424C-BB7B-C0031277C4EE}.Release|Any CPU.ActiveCfg = Release|Any CPU
		{9D0C832C-BCC5-424C-BB7B-C0031277C4EE}.Release|Any CPU.Build.0 = Release|Any CPU
		{9D0C832C-BCC5-424C-BB7B-C0031277C4EE}.Release|x64.ActiveCfg = Release|x64
		{9D0C832C-BCC5-424C-BB7B-C0031277C4EE}.Release|x64.Build.0 = Release|x64
		{9D0C832C-BCC5-424C-BB7B-C0031277C4EE}.Release|x86.ActiveCfg = Release|x86
		{9D0C832C-BCC5-424C-BB7B-C0031277C4EE}.Release|x86.Build.0 = Release|x86
	EndGlobalSection
	GlobalSection(SolutionProperties) = preSolution
		HideSolutionNode = FALSE
	EndGlobalSection
	GlobalSection(ExtensibilityGlobals) = postSolution
		SolutionGuid = {C4542B40-3B8D-467A-AFB9-91CF741FAB5D}
	EndGlobalSection
EndGlobal
